
Microsoft Visual Studio Solution File, Format Version 12.00
# Visual Studio Version 17
VisualStudioVersion = 17.0.31903.59
MinimumVisualStudioVersion = 10.0.40219.1
Project("{2150E333-8FDC-42A3-9474-1A3956D46DE8}") = "src", "src", "{827E0CD3-B72D-47B6-A68D-7590B98EB39B}"
EndProject
Project("{2150E333-8FDC-42A3-9474-1A3956D46DE8}") = "Services", "Services", "{984BB9B3-3FA3-BE33-9484-CAC21695A33C}"
EndProject
Project("{2150E333-8FDC-42A3-9474-1A3956D46DE8}") = "ClinicalCaseService", "ClinicalCaseService", "{24CFAD0E-CD5B-A361-F2AE-27598CB1C44B}"
EndProject
Project("{FAE04EC0-301F-11D3-BF4B-00C04F79EFBC}") = "ClinicalCaseService.API", "src\Services\ClinicalCaseService\ClinicalCaseService.API\ClinicalCaseService.API.csproj", "{0EF552CA-36B0-4FAD-A26F-22A87D6C4AEF}"
EndProject
Project("{FAE04EC0-301F-11D3-BF4B-00C04F79EFBC}") = "ClinicalCaseService.Domain", "src\Services\ClinicalCaseService\ClinicalCaseService.Domain\ClinicalCaseService.Domain.csproj", "{18EE76D5-5882-4BB9-A752-1F43AD567656}"
EndProject
Project("{FAE04EC0-301F-11D3-BF4B-00C04F79EFBC}") = "ClinicalCaseService.Application", "src\Services\ClinicalCaseService\ClinicalCaseService.Application\ClinicalCaseService.Application.csproj", "{DB35343A-E151-46C7-A74A-2F5630A4B998}"
EndProject
Project("{FAE04EC0-301F-11D3-BF4B-00C04F79EFBC}") = "ClinicalCaseService.Infrastructure", "src\Services\ClinicalCaseService\ClinicalCaseService.Infrastructure\ClinicalCaseService.Infrastructure.csproj", "{262D003A-2E20-4E24-B968-54E097682F80}"
EndProject
Project("{2150E333-8FDC-42A3-9474-1A3956D46DE8}") = "VirtualPatientService", "VirtualPatientService", "{DA3BD4BF-6173-9BC0-0A28-D039ECEB8C32}"
EndProject
Project("{FAE04EC0-301F-11D3-BF4B-00C04F79EFBC}") = "VirtualPatientService.API", "src\Services\VirtualPatientService\VirtualPatientService.API\VirtualPatientService.API.csproj", "{677873C2-7A9B-4BBF-BA4F-80AFF7EFD381}"
EndProject
Project("{FAE04EC0-301F-11D3-BF4B-00C04F79EFBC}") = "VirtualPatientService.Domain", "src\Services\VirtualPatientService\VirtualPatientService.Domain\VirtualPatientService.Domain.csproj", "{3BDCD63C-721E-4F8A-94C4-8DD7F3230461}"
EndProject
Project("{FAE04EC0-301F-11D3-BF4B-00C04F79EFBC}") = "VirtualPatientService.Application", "src\Services\VirtualPatientService\VirtualPatientService.Application\VirtualPatientService.Application.csproj", "{97ABDDE2-8D84-41FE-AE1F-2B4C00801CF3}"
EndProject
Project("{FAE04EC0-301F-11D3-BF4B-00C04F79EFBC}") = "VirtualPatientService.Infrastructure", "src\Services\VirtualPatientService\VirtualPatientService.Infrastructure\VirtualPatientService.Infrastructure.csproj", "{1A6E00C8-958B-4F52-A640-E32169036016}"
EndProject
Project("{2150E333-8FDC-42A3-9474-1A3956D46DE8}") = "Gateway", "Gateway", "{6306A8FB-679E-111F-6585-8F70E0EE6013}"
EndProject
Project("{FAE04EC0-301F-11D3-BF4B-00C04F79EFBC}") = "ApiGateway", "src\Gateway\ApiGateway\ApiGateway.csproj", "{FFDC7D12-B7F7-4860-8D04-A7CF0251172A}"
EndProject
Project("{2150E333-8FDC-42A3-9474-1A3956D46DE8}") = "AIAssistantService", "AIAssistantService", "{552A3C03-ED07-FB5F-185A-38AD305117CC}"
EndProject
Project("{FAE04EC0-301F-11D3-BF4B-00C04F79EFBC}") = "AIAssistantService.API", "src\Services\AIAssistantService\AIAssistantService.API\AIAssistantService.API.csproj", "{FE91B026-3B9F-4334-9A6D-510CC14F16CD}"
EndProject
Project("{FAE04EC0-301F-11D3-BF4B-00C04F79EFBC}") = "AIAssistantService.Domain", "src\Services\AIAssistantService\AIAssistantService.Domain\AIAssistantService.Domain.csproj", "{DC2A99D7-551D-4A70-ABDF-F5BD7BE55024}"
EndProject
Project("{FAE04EC0-301F-11D3-BF4B-00C04F79EFBC}") = "AIAssistantService.Application", "src\Services\AIAssistantService\AIAssistantService.Application\AIAssistantService.Application.csproj", "{5F9AAC1C-1C39-4137-B9C2-B6DB44104C4E}"
EndProject
Project("{FAE04EC0-301F-11D3-BF4B-00C04F79EFBC}") = "AIAssistantService.Infrastructure", "src\Services\AIAssistantService\AIAssistantService.Infrastructure\AIAssistantService.Infrastructure.csproj", "{3138226A-B4E3-450B-BE54-8FA2B7BF2DD8}"
EndProject
Project("{2150E333-8FDC-42A3-9474-1A3956D46DE8}") = "RoadmapService", "RoadmapService", "{FE7D6ACC-C5AB-CF91-119A-BE819ABB9B38}"
EndProject
Project("{FAE04EC0-301F-11D3-BF4B-00C04F79EFBC}") = "RoadmapService.API", "src\Services\RoadmapService\RoadmapService.API\RoadmapService.API.csproj", "{3862B55A-A98A-44C0-B3F5-DF24F4AE446A}"
EndProject
Project("{FAE04EC0-301F-11D3-BF4B-00C04F79EFBC}") = "RoadmapService.Domain", "src\Services\RoadmapService\RoadmapService.Domain\RoadmapService.Domain.csproj", "{CA92D1BA-9273-4194-9260-198B4AF86F93}"
EndProject
Project("{FAE04EC0-301F-11D3-BF4B-00C04F79EFBC}") = "RoadmapService.Application", "src\Services\RoadmapService\RoadmapService.Application\RoadmapService.Application.csproj", "{C8FB08F2-B0AA-4E3E-9F83-1D9997E1D412}"
EndProject
Project("{FAE04EC0-301F-11D3-BF4B-00C04F79EFBC}") = "RoadmapService.Infrastructure", "src\Services\RoadmapService\RoadmapService.Infrastructure\RoadmapService.Infrastructure.csproj", "{89924276-A52A-4E03-A5FF-99857909BE0D}"
EndProject
Project("{2150E333-8FDC-42A3-9474-1A3956D46DE8}") = "AssessmentService", "AssessmentService", "{9AEA1441-4924-802F-53B2-CFD240BF8309}"
EndProject
Project("{FAE04EC0-301F-11D3-BF4B-00C04F79EFBC}") = "AssessmentService.API", "src\Services\AssessmentService\AssessmentService.API\AssessmentService.API.csproj", "{EEB14DFD-FBB8-4D7A-AFDD-F1BC3118ADB0}"
EndProject
Project("{FAE04EC0-301F-11D3-BF4B-00C04F79EFBC}") = "AssessmentService.Domain", "src\Services\AssessmentService\AssessmentService.Domain\AssessmentService.Domain.csproj", "{C28A9EEA-389C-43D5-86B5-AF3B83058DF9}"
EndProject
Project("{FAE04EC0-301F-11D3-BF4B-00C04F79EFBC}") = "AssessmentService.Application", "src\Services\AssessmentService\AssessmentService.Application\AssessmentService.Application.csproj", "{7B5E90DF-DF71-435D-BD70-BC50D34A5D52}"
EndProject
Project("{FAE04EC0-301F-11D3-BF4B-00C04F79EFBC}") = "AssessmentService.Infrastructure", "src\Services\AssessmentService\AssessmentService.Infrastructure\AssessmentService.Infrastructure.csproj", "{514FC49C-BD03-4C0A-8D5F-3F1299488F5E}"
EndProject
Project("{2150E333-8FDC-42A3-9474-1A3956D46DE8}") = "PracticeSessionService", "PracticeSessionService", "{28BBF88D-A44B-433C-4324-0373DE243F7D}"
EndProject
Project("{FAE04EC0-301F-11D3-BF4B-00C04F79EFBC}") = "PracticeSessionService.API", "src\Services\PracticeSessionService\PracticeSessionService.API\PracticeSessionService.API.csproj", "{0EAAB129-096A-45F3-8381-9C8DE9BE3F0C}"
EndProject
Project("{FAE04EC0-301F-11D3-BF4B-00C04F79EFBC}") = "PracticeSessionService.Domain", "src\Services\PracticeSessionService\PracticeSessionService.Domain\PracticeSessionService.Domain.csproj", "{44AFF186-02EF-446D-A95E-02BD90A42165}"
EndProject
Project("{FAE04EC0-301F-11D3-BF4B-00C04F79EFBC}") = "PracticeSessionService.Application", "src\Services\PracticeSessionService\PracticeSessionService.Application\PracticeSessionService.Application.csproj", "{D78C6976-6934-4BE9-9E3B-B4C25061F81E}"
EndProject
Project("{FAE04EC0-301F-11D3-BF4B-00C04F79EFBC}") = "PracticeSessionService.Infrastructure", "src\Services\PracticeSessionService\PracticeSessionService.Infrastructure\PracticeSessionService.Infrastructure.csproj", "{00C7CC02-564B-4FE8-BFB6-95218AB485C7}"
EndProject
Project("{2150E333-8FDC-42A3-9474-1A3956D46DE8}") = "EvaluationService", "EvaluationService", "{28BBF88D-A44B-433C-4324-0373DE243F7D}"
EndProject
Project("{FAE04EC0-301F-11D3-BF4B-00C04F79EFBC}") = "EvaluationService.API", "src\Services\EvaluationService\EvaluationService.API\EvaluationService.API.csproj", "{0EAAB129-096A-45F3-8381-9C8DE9BE3F0C}"
EndProject
Project("{FAE04EC0-301F-11D3-BF4B-00C04F79EFBC}") = "EvaluationService.Domain", "src\Services\EvaluationService\EvaluationService.Domain\EvaluationService.Domain.csproj", "{44AFF186-02EF-446D-A95E-02BD90A42165}"
EndProject
Project("{FAE04EC0-301F-11D3-BF4B-00C04F79EFBC}") = "EvaluationService.Application", "src\Services\EvaluationService\EvaluationService.Application\EvaluationService.Application.csproj", "{D78C6976-6934-4BE9-9E3B-B4C25061F81E}"
EndProject
Project("{FAE04EC0-301F-11D3-BF4B-00C04F79EFBC}") = "EvaluationService.Infrastructure", "src\Services\EvaluationService\EvaluationService.Infrastructure\EvaluationService.Infrastructure.csproj", "{00C7CC02-564B-4FE8-BFB6-95218AB485C7}"
EndProject
Global
	GlobalSection(SolutionConfigurationPlatforms) = preSolution
		Debug|Any CPU = Debug|Any CPU
		Debug|x64 = Debug|x64
		Debug|x86 = Debug|x86
		Release|Any CPU = Release|Any CPU
		Release|x64 = Release|x64
		Release|x86 = Release|x86
	EndGlobalSection
	GlobalSection(ProjectConfigurationPlatforms) = postSolution
		{0EF552CA-36B0-4FAD-A26F-22A87D6C4AEF}.Debug|Any CPU.ActiveCfg = Debug|Any CPU
		{0EF552CA-36B0-4FAD-A26F-22A87D6C4AEF}.Debug|Any CPU.Build.0 = Debug|Any CPU
		{0EF552CA-36B0-4FAD-A26F-22A87D6C4AEF}.Debug|x64.ActiveCfg = Debug|Any CPU
		{0EF552CA-36B0-4FAD-A26F-22A87D6C4AEF}.Debug|x64.Build.0 = Debug|Any CPU
		{0EF552CA-36B0-4FAD-A26F-22A87D6C4AEF}.Debug|x86.ActiveCfg = Debug|Any CPU
		{0EF552CA-36B0-4FAD-A26F-22A87D6C4AEF}.Debug|x86.Build.0 = Debug|Any CPU
		{0EF552CA-36B0-4FAD-A26F-22A87D6C4AEF}.Release|Any CPU.ActiveCfg = Release|Any CPU
		{0EF552CA-36B0-4FAD-A26F-22A87D6C4AEF}.Release|Any CPU.Build.0 = Release|Any CPU
		{0EF552CA-36B0-4FAD-A26F-22A87D6C4AEF}.Release|x64.ActiveCfg = Release|Any CPU
		{0EF552CA-36B0-4FAD-A26F-22A87D6C4AEF}.Release|x64.Build.0 = Release|Any CPU
		{0EF552CA-36B0-4FAD-A26F-22A87D6C4AEF}.Release|x86.ActiveCfg = Release|Any CPU
		{0EF552CA-36B0-4FAD-A26F-22A87D6C4AEF}.Release|x86.Build.0 = Release|Any CPU
		{18EE76D5-5882-4BB9-A752-1F43AD567656}.Debug|Any CPU.ActiveCfg = Debug|Any CPU
		{18EE76D5-5882-4BB9-A752-1F43AD567656}.Debug|Any CPU.Build.0 = Debug|Any CPU
		{18EE76D5-5882-4BB9-A752-1F43AD567656}.Debug|x64.ActiveCfg = Debug|Any CPU
		{18EE76D5-5882-4BB9-A752-1F43AD567656}.Debug|x64.Build.0 = Debug|Any CPU
		{18EE76D5-5882-4BB9-A752-1F43AD567656}.Debug|x86.ActiveCfg = Debug|Any CPU
		{18EE76D5-5882-4BB9-A752-1F43AD567656}.Debug|x86.Build.0 = Debug|Any CPU
		{18EE76D5-5882-4BB9-A752-1F43AD567656}.Release|Any CPU.ActiveCfg = Release|Any CPU
		{18EE76D5-5882-4BB9-A752-1F43AD567656}.Release|Any CPU.Build.0 = Release|Any CPU
		{18EE76D5-5882-4BB9-A752-1F43AD567656}.Release|x64.ActiveCfg = Release|Any CPU
		{18EE76D5-5882-4BB9-A752-1F43AD567656}.Release|x64.Build.0 = Release|Any CPU
		{18EE76D5-5882-4BB9-A752-1F43AD567656}.Release|x86.ActiveCfg = Release|Any CPU
		{18EE76D5-5882-4BB9-A752-1F43AD567656}.Release|x86.Build.0 = Release|Any CPU
		{DB35343A-E151-46C7-A74A-2F5630A4B998}.Debug|Any CPU.ActiveCfg = Debug|Any CPU
		{DB35343A-E151-46C7-A74A-2F5630A4B998}.Debug|Any CPU.Build.0 = Debug|Any CPU
		{DB35343A-E151-46C7-A74A-2F5630A4B998}.Debug|x64.ActiveCfg = Debug|Any CPU
		{DB35343A-E151-46C7-A74A-2F5630A4B998}.Debug|x64.Build.0 = Debug|Any CPU
		{DB35343A-E151-46C7-A74A-2F5630A4B998}.Debug|x86.ActiveCfg = Debug|Any CPU
		{DB35343A-E151-46C7-A74A-2F5630A4B998}.Debug|x86.Build.0 = Debug|Any CPU
		{DB35343A-E151-46C7-A74A-2F5630A4B998}.Release|Any CPU.ActiveCfg = Release|Any CPU
		{DB35343A-E151-46C7-A74A-2F5630A4B998}.Release|Any CPU.Build.0 = Release|Any CPU
		{DB35343A-E151-46C7-A74A-2F5630A4B998}.Release|x64.ActiveCfg = Release|Any CPU
		{DB35343A-E151-46C7-A74A-2F5630A4B998}.Release|x64.Build.0 = Release|Any CPU
		{DB35343A-E151-46C7-A74A-2F5630A4B998}.Release|x86.ActiveCfg = Release|Any CPU
		{DB35343A-E151-46C7-A74A-2F5630A4B998}.Release|x86.Build.0 = Release|Any CPU
		{262D003A-2E20-4E24-B968-54E097682F80}.Debug|Any CPU.ActiveCfg = Debug|Any CPU
		{262D003A-2E20-4E24-B968-54E097682F80}.Debug|Any CPU.Build.0 = Debug|Any CPU
		{262D003A-2E20-4E24-B968-54E097682F80}.Debug|x64.ActiveCfg = Debug|Any CPU
		{262D003A-2E20-4E24-B968-54E097682F80}.Debug|x64.Build.0 = Debug|Any CPU
		{262D003A-2E20-4E24-B968-54E097682F80}.Debug|x86.ActiveCfg = Debug|Any CPU
		{262D003A-2E20-4E24-B968-54E097682F80}.Debug|x86.Build.0 = Debug|Any CPU
		{262D003A-2E20-4E24-B968-54E097682F80}.Release|Any CPU.ActiveCfg = Release|Any CPU
		{262D003A-2E20-4E24-B968-54E097682F80}.Release|Any CPU.Build.0 = Release|Any CPU
		{262D003A-2E20-4E24-B968-54E097682F80}.Release|x64.ActiveCfg = Release|Any CPU
		{262D003A-2E20-4E24-B968-54E097682F80}.Release|x64.Build.0 = Release|Any CPU
		{262D003A-2E20-4E24-B968-54E097682F80}.Release|x86.ActiveCfg = Release|Any CPU
		{262D003A-2E20-4E24-B968-54E097682F80}.Release|x86.Build.0 = Release|Any CPU
		{677873C2-7A9B-4BBF-BA4F-80AFF7EFD381}.Debug|Any CPU.ActiveCfg = Debug|Any CPU
		{677873C2-7A9B-4BBF-BA4F-80AFF7EFD381}.Debug|Any CPU.Build.0 = Debug|Any CPU
		{677873C2-7A9B-4BBF-BA4F-80AFF7EFD381}.Debug|x64.ActiveCfg = Debug|Any CPU
		{677873C2-7A9B-4BBF-BA4F-80AFF7EFD381}.Debug|x64.Build.0 = Debug|Any CPU
		{677873C2-7A9B-4BBF-BA4F-80AFF7EFD381}.Debug|x86.ActiveCfg = Debug|Any CPU
		{677873C2-7A9B-4BBF-BA4F-80AFF7EFD381}.Debug|x86.Build.0 = Debug|Any CPU
		{677873C2-7A9B-4BBF-BA4F-80AFF7EFD381}.Release|Any CPU.ActiveCfg = Release|Any CPU
		{677873C2-7A9B-4BBF-BA4F-80AFF7EFD381}.Release|Any CPU.Build.0 = Release|Any CPU
		{677873C2-7A9B-4BBF-BA4F-80AFF7EFD381}.Release|x64.ActiveCfg = Release|Any CPU
		{677873C2-7A9B-4BBF-BA4F-80AFF7EFD381}.Release|x64.Build.0 = Release|Any CPU
		{677873C2-7A9B-4BBF-BA4F-80AFF7EFD381}.Release|x86.ActiveCfg = Release|Any CPU
		{677873C2-7A9B-4BBF-BA4F-80AFF7EFD381}.Release|x86.Build.0 = Release|Any CPU
		{3BDCD63C-721E-4F8A-94C4-8DD7F3230461}.Debug|Any CPU.ActiveCfg = Debug|Any CPU
		{3BDCD63C-721E-4F8A-94C4-8DD7F3230461}.Debug|Any CPU.Build.0 = Debug|Any CPU
		{3BDCD63C-721E-4F8A-94C4-8DD7F3230461}.Debug|x64.ActiveCfg = Debug|Any CPU
		{3BDCD63C-721E-4F8A-94C4-8DD7F3230461}.Debug|x64.Build.0 = Debug|Any CPU
		{3BDCD63C-721E-4F8A-94C4-8DD7F3230461}.Debug|x86.ActiveCfg = Debug|Any CPU
		{3BDCD63C-721E-4F8A-94C4-8DD7F3230461}.Debug|x86.Build.0 = Debug|Any CPU
		{3BDCD63C-721E-4F8A-94C4-8DD7F3230461}.Release|Any CPU.ActiveCfg = Release|Any CPU
		{3BDCD63C-721E-4F8A-94C4-8DD7F3230461}.Release|Any CPU.Build.0 = Release|Any CPU
		{3BDCD63C-721E-4F8A-94C4-8DD7F3230461}.Release|x64.ActiveCfg = Release|Any CPU
		{3BDCD63C-721E-4F8A-94C4-8DD7F3230461}.Release|x64.Build.0 = Release|Any CPU
		{3BDCD63C-721E-4F8A-94C4-8DD7F3230461}.Release|x86.ActiveCfg = Release|Any CPU
		{3BDCD63C-721E-4F8A-94C4-8DD7F3230461}.Release|x86.Build.0 = Release|Any CPU
		{97ABDDE2-8D84-41FE-AE1F-2B4C00801CF3}.Debug|Any CPU.ActiveCfg = Debug|Any CPU
		{97ABDDE2-8D84-41FE-AE1F-2B4C00801CF3}.Debug|Any CPU.Build.0 = Debug|Any CPU
		{97ABDDE2-8D84-41FE-AE1F-2B4C00801CF3}.Debug|x64.ActiveCfg = Debug|Any CPU
		{97ABDDE2-8D84-41FE-AE1F-2B4C00801CF3}.Debug|x64.Build.0 = Debug|Any CPU
		{97ABDDE2-8D84-41FE-AE1F-2B4C00801CF3}.Debug|x86.ActiveCfg = Debug|Any CPU
		{97ABDDE2-8D84-41FE-AE1F-2B4C00801CF3}.Debug|x86.Build.0 = Debug|Any CPU
		{97ABDDE2-8D84-41FE-AE1F-2B4C00801CF3}.Release|Any CPU.ActiveCfg = Release|Any CPU
		{97ABDDE2-8D84-41FE-AE1F-2B4C00801CF3}.Release|Any CPU.Build.0 = Release|Any CPU
		{97ABDDE2-8D84-41FE-AE1F-2B4C00801CF3}.Release|x64.ActiveCfg = Release|Any CPU
		{97ABDDE2-8D84-41FE-AE1F-2B4C00801CF3}.Release|x64.Build.0 = Release|Any CPU
		{97ABDDE2-8D84-41FE-AE1F-2B4C00801CF3}.Release|x86.ActiveCfg = Release|Any CPU
		{97ABDDE2-8D84-41FE-AE1F-2B4C00801CF3}.Release|x86.Build.0 = Release|Any CPU
		{1A6E00C8-958B-4F52-A640-E32169036016}.Debug|Any CPU.ActiveCfg = Debug|Any CPU
		{1A6E00C8-958B-4F52-A640-E32169036016}.Debug|Any CPU.Build.0 = Debug|Any CPU
		{1A6E00C8-958B-4F52-A640-E32169036016}.Debug|x64.ActiveCfg = Debug|Any CPU
		{1A6E00C8-958B-4F52-A640-E32169036016}.Debug|x64.Build.0 = Debug|Any CPU
		{1A6E00C8-958B-4F52-A640-E32169036016}.Debug|x86.ActiveCfg = Debug|Any CPU
		{1A6E00C8-958B-4F52-A640-E32169036016}.Debug|x86.Build.0 = Debug|Any CPU
		{1A6E00C8-958B-4F52-A640-E32169036016}.Release|Any CPU.ActiveCfg = Release|Any CPU
		{1A6E00C8-958B-4F52-A640-E32169036016}.Release|Any CPU.Build.0 = Release|Any CPU
		{1A6E00C8-958B-4F52-A640-E32169036016}.Release|x64.ActiveCfg = Release|Any CPU
		{1A6E00C8-958B-4F52-A640-E32169036016}.Release|x64.Build.0 = Release|Any CPU
		{1A6E00C8-958B-4F52-A640-E32169036016}.Release|x86.ActiveCfg = Release|Any CPU
		{1A6E00C8-958B-4F52-A640-E32169036016}.Release|x86.Build.0 = Release|Any CPU
		{FFDC7D12-B7F7-4860-8D04-A7CF0251172A}.Debug|Any CPU.ActiveCfg = Debug|Any CPU
		{FFDC7D12-B7F7-4860-8D04-A7CF0251172A}.Debug|Any CPU.Build.0 = Debug|Any CPU
		{FFDC7D12-B7F7-4860-8D04-A7CF0251172A}.Debug|x64.ActiveCfg = Debug|Any CPU
		{FFDC7D12-B7F7-4860-8D04-A7CF0251172A}.Debug|x64.Build.0 = Debug|Any CPU
		{FFDC7D12-B7F7-4860-8D04-A7CF0251172A}.Debug|x86.ActiveCfg = Debug|Any CPU
		{FFDC7D12-B7F7-4860-8D04-A7CF0251172A}.Debug|x86.Build.0 = Debug|Any CPU
		{FFDC7D12-B7F7-4860-8D04-A7CF0251172A}.Release|Any CPU.ActiveCfg = Release|Any CPU
		{FFDC7D12-B7F7-4860-8D04-A7CF0251172A}.Release|Any CPU.Build.0 = Release|Any CPU
		{FFDC7D12-B7F7-4860-8D04-A7CF0251172A}.Release|x64.ActiveCfg = Release|Any CPU
		{FFDC7D12-B7F7-4860-8D04-A7CF0251172A}.Release|x64.Build.0 = Release|Any CPU
		{FFDC7D12-B7F7-4860-8D04-A7CF0251172A}.Release|x86.ActiveCfg = Release|Any CPU
		{FFDC7D12-B7F7-4860-8D04-A7CF0251172A}.Release|x86.Build.0 = Release|Any CPU
		{FE91B026-3B9F-4334-9A6D-510CC14F16CD}.Debug|Any CPU.ActiveCfg = Debug|Any CPU
		{FE91B026-3B9F-4334-9A6D-510CC14F16CD}.Debug|Any CPU.Build.0 = Debug|Any CPU
		{FE91B026-3B9F-4334-9A6D-510CC14F16CD}.Debug|x64.ActiveCfg = Debug|Any CPU
		{FE91B026-3B9F-4334-9A6D-510CC14F16CD}.Debug|x64.Build.0 = Debug|Any CPU
		{FE91B026-3B9F-4334-9A6D-510CC14F16CD}.Debug|x86.ActiveCfg = Debug|Any CPU
		{FE91B026-3B9F-4334-9A6D-510CC14F16CD}.Debug|x86.Build.0 = Debug|Any CPU
		{FE91B026-3B9F-4334-9A6D-510CC14F16CD}.Release|Any CPU.ActiveCfg = Release|Any CPU
		{FE91B026-3B9F-4334-9A6D-510CC14F16CD}.Release|Any CPU.Build.0 = Release|Any CPU
		{FE91B026-3B9F-4334-9A6D-510CC14F16CD}.Release|x64.ActiveCfg = Release|Any CPU
		{FE91B026-3B9F-4334-9A6D-510CC14F16CD}.Release|x64.Build.0 = Release|Any CPU
		{FE91B026-3B9F-4334-9A6D-510CC14F16CD}.Release|x86.ActiveCfg = Release|Any CPU
		{FE91B026-3B9F-4334-9A6D-510CC14F16CD}.Release|x86.Build.0 = Release|Any CPU
		{DC2A99D7-551D-4A70-ABDF-F5BD7BE55024}.Debug|Any CPU.ActiveCfg = Debug|Any CPU
		{DC2A99D7-551D-4A70-ABDF-F5BD7BE55024}.Debug|Any CPU.Build.0 = Debug|Any CPU
		{DC2A99D7-551D-4A70-ABDF-F5BD7BE55024}.Debug|x64.ActiveCfg = Debug|Any CPU
		{DC2A99D7-551D-4A70-ABDF-F5BD7BE55024}.Debug|x64.Build.0 = Debug|Any CPU
		{DC2A99D7-551D-4A70-ABDF-F5BD7BE55024}.Debug|x86.ActiveCfg = Debug|Any CPU
		{DC2A99D7-551D-4A70-ABDF-F5BD7BE55024}.Debug|x86.Build.0 = Debug|Any CPU
		{DC2A99D7-551D-4A70-ABDF-F5BD7BE55024}.Release|Any CPU.ActiveCfg = Release|Any CPU
		{DC2A99D7-551D-4A70-ABDF-F5BD7BE55024}.Release|Any CPU.Build.0 = Release|Any CPU
		{DC2A99D7-551D-4A70-ABDF-F5BD7BE55024}.Release|x64.ActiveCfg = Release|Any CPU
		{DC2A99D7-551D-4A70-ABDF-F5BD7BE55024}.Release|x64.Build.0 = Release|Any CPU
		{DC2A99D7-551D-4A70-ABDF-F5BD7BE55024}.Release|x86.ActiveCfg = Release|Any CPU
		{DC2A99D7-551D-4A70-ABDF-F5BD7BE55024}.Release|x86.Build.0 = Release|Any CPU
		{5F9AAC1C-1C39-4137-B9C2-B6DB44104C4E}.Debug|Any CPU.ActiveCfg = Debug|Any CPU
		{5F9AAC1C-1C39-4137-B9C2-B6DB44104C4E}.Debug|Any CPU.Build.0 = Debug|Any CPU
		{5F9AAC1C-1C39-4137-B9C2-B6DB44104C4E}.Debug|x64.ActiveCfg = Debug|Any CPU
		{5F9AAC1C-1C39-4137-B9C2-B6DB44104C4E}.Debug|x64.Build.0 = Debug|Any CPU
		{5F9AAC1C-1C39-4137-B9C2-B6DB44104C4E}.Debug|x86.ActiveCfg = Debug|Any CPU
		{5F9AAC1C-1C39-4137-B9C2-B6DB44104C4E}.Debug|x86.Build.0 = Debug|Any CPU
		{5F9AAC1C-1C39-4137-B9C2-B6DB44104C4E}.Release|Any CPU.ActiveCfg = Release|Any CPU
		{5F9AAC1C-1C39-4137-B9C2-B6DB44104C4E}.Release|Any CPU.Build.0 = Release|Any CPU
		{5F9AAC1C-1C39-4137-B9C2-B6DB44104C4E}.Release|x64.ActiveCfg = Release|Any CPU
		{5F9AAC1C-1C39-4137-B9C2-B6DB44104C4E}.Release|x64.Build.0 = Release|Any CPU
		{5F9AAC1C-1C39-4137-B9C2-B6DB44104C4E}.Release|x86.ActiveCfg = Release|Any CPU
		{5F9AAC1C-1C39-4137-B9C2-B6DB44104C4E}.Release|x86.Build.0 = Release|Any CPU
		{3138226A-B4E3-450B-BE54-8FA2B7BF2DD8}.Debug|Any CPU.ActiveCfg = Debug|Any CPU
		{3138226A-B4E3-450B-BE54-8FA2B7BF2DD8}.Debug|Any CPU.Build.0 = Debug|Any CPU
		{3138226A-B4E3-450B-BE54-8FA2B7BF2DD8}.Debug|x64.ActiveCfg = Debug|Any CPU
		{3138226A-B4E3-450B-BE54-8FA2B7BF2DD8}.Debug|x64.Build.0 = Debug|Any CPU
		{3138226A-B4E3-450B-BE54-8FA2B7BF2DD8}.Debug|x86.ActiveCfg = Debug|Any CPU
		{3138226A-B4E3-450B-BE54-8FA2B7BF2DD8}.Debug|x86.Build.0 = Debug|Any CPU
		{3138226A-B4E3-450B-BE54-8FA2B7BF2DD8}.Release|Any CPU.ActiveCfg = Release|Any CPU
		{3138226A-B4E3-450B-BE54-8FA2B7BF2DD8}.Release|Any CPU.Build.0 = Release|Any CPU
		{3138226A-B4E3-450B-BE54-8FA2B7BF2DD8}.Release|x64.ActiveCfg = Release|Any CPU
		{3138226A-B4E3-450B-BE54-8FA2B7BF2DD8}.Release|x64.Build.0 = Release|Any CPU
		{3138226A-B4E3-450B-BE54-8FA2B7BF2DD8}.Release|x86.ActiveCfg = Release|Any CPU
		{3138226A-B4E3-450B-BE54-8FA2B7BF2DD8}.Release|x86.Build.0 = Release|Any CPU
		{0EAAB129-096A-45F3-8381-9C8DE9BE3F0C}.Debug|Any CPU.ActiveCfg = Debug|Any CPU
		{0EAAB129-096A-45F3-8381-9C8DE9BE3F0C}.Debug|Any CPU.Build.0 = Debug|Any CPU
		{0EAAB129-096A-45F3-8381-9C8DE9BE3F0C}.Debug|x64.ActiveCfg = Debug|Any CPU
		{0EAAB129-096A-45F3-8381-9C8DE9BE3F0C}.Debug|x64.Build.0 = Debug|Any CPU
		{0EAAB129-096A-45F3-8381-9C8DE9BE3F0C}.Debug|x86.ActiveCfg = Debug|Any CPU
		{0EAAB129-096A-45F3-8381-9C8DE9BE3F0C}.Debug|x86.Build.0 = Debug|Any CPU
		{0EAAB129-096A-45F3-8381-9C8DE9BE3F0C}.Release|Any CPU.ActiveCfg = Release|Any CPU
		{0EAAB129-096A-45F3-8381-9C8DE9BE3F0C}.Release|Any CPU.Build.0 = Release|Any CPU
		{0EAAB129-096A-45F3-8381-9C8DE9BE3F0C}.Release|x64.ActiveCfg = Release|Any CPU
		{0EAAB129-096A-45F3-8381-9C8DE9BE3F0C}.Release|x64.Build.0 = Release|Any CPU
		{0EAAB129-096A-45F3-8381-9C8DE9BE3F0C}.Release|x86.ActiveCfg = Release|Any CPU
		{0EAAB129-096A-45F3-8381-9C8DE9BE3F0C}.Release|x86.Build.0 = Release|Any CPU
		{44AFF186-02EF-446D-A95E-02BD90A42165}.Debug|Any CPU.ActiveCfg = Debug|Any CPU
		{44AFF186-02EF-446D-A95E-02BD90A42165}.Debug|Any CPU.Build.0 = Debug|Any CPU
		{44AFF186-02EF-446D-A95E-02BD90A42165}.Debug|x64.ActiveCfg = Debug|Any CPU
		{44AFF186-02EF-446D-A95E-02BD90A42165}.Debug|x64.Build.0 = Debug|Any CPU
		{44AFF186-02EF-446D-A95E-02BD90A42165}.Debug|x86.ActiveCfg = Debug|Any CPU
		{44AFF186-02EF-446D-A95E-02BD90A42165}.Debug|x86.Build.0 = Debug|Any CPU
		{44AFF186-02EF-446D-A95E-02BD90A42165}.Release|Any CPU.ActiveCfg = Release|Any CPU
		{44AFF186-02EF-446D-A95E-02BD90A42165}.Release|Any CPU.Build.0 = Release|Any CPU
		{44AFF186-02EF-446D-A95E-02BD90A42165}.Release|x64.ActiveCfg = Release|Any CPU
		{44AFF186-02EF-446D-A95E-02BD90A42165}.Release|x64.Build.0 = Release|Any CPU
		{44AFF186-02EF-446D-A95E-02BD90A42165}.Release|x86.ActiveCfg = Release|Any CPU
		{44AFF186-02EF-446D-A95E-02BD90A42165}.Release|x86.Build.0 = Release|Any CPU
		{D78C6976-6934-4BE9-9E3B-B4C25061F81E}.Debug|Any CPU.ActiveCfg = Debug|Any CPU
		{D78C6976-6934-4BE9-9E3B-B4C25061F81E}.Debug|Any CPU.Build.0 = Debug|Any CPU
		{D78C6976-6934-4BE9-9E3B-B4C25061F81E}.Debug|x64.ActiveCfg = Debug|Any CPU
		{D78C6976-6934-4BE9-9E3B-B4C25061F81E}.Debug|x64.Build.0 = Debug|Any CPU
		{D78C6976-6934-4BE9-9E3B-B4C25061F81E}.Debug|x86.ActiveCfg = Debug|Any CPU
		{D78C6976-6934-4BE9-9E3B-B4C25061F81E}.Debug|x86.Build.0 = Debug|Any CPU
		{D78C6976-6934-4BE9-9E3B-B4C25061F81E}.Release|Any CPU.ActiveCfg = Release|Any CPU
		{D78C6976-6934-4BE9-9E3B-B4C25061F81E}.Release|Any CPU.Build.0 = Release|Any CPU
		{D78C6976-6934-4BE9-9E3B-B4C25061F81E}.Release|x64.ActiveCfg = Release|Any CPU
		{D78C6976-6934-4BE9-9E3B-B4C25061F81E}.Release|x64.Build.0 = Release|Any CPU
		{D78C6976-6934-4BE9-9E3B-B4C25061F81E}.Release|x86.ActiveCfg = Release|Any CPU
		{D78C6976-6934-4BE9-9E3B-B4C25061F81E}.Release|x86.Build.0 = Release|Any CPU
		{00C7CC02-564B-4FE8-BFB6-95218AB485C7}.Debug|Any CPU.ActiveCfg = Debug|Any CPU
		{00C7CC02-564B-4FE8-BFB6-95218AB485C7}.Debug|Any CPU.Build.0 = Debug|Any CPU
		{00C7CC02-564B-4FE8-BFB6-95218AB485C7}.Debug|x64.ActiveCfg = Debug|Any CPU
		{00C7CC02-564B-4FE8-BFB6-95218AB485C7}.Debug|x64.Build.0 = Debug|Any CPU
		{00C7CC02-564B-4FE8-BFB6-95218AB485C7}.Debug|x86.ActiveCfg = Debug|Any CPU
		{00C7CC02-564B-4FE8-BFB6-95218AB485C7}.Debug|x86.Build.0 = Debug|Any CPU
		{00C7CC02-564B-4FE8-BFB6-95218AB485C7}.Release|Any CPU.ActiveCfg = Release|Any CPU
		{00C7CC02-564B-4FE8-BFB6-95218AB485C7}.Release|Any CPU.Build.0 = Release|Any CPU
		{00C7CC02-564B-4FE8-BFB6-95218AB485C7}.Release|x64.ActiveCfg = Release|Any CPU
		{00C7CC02-564B-4FE8-BFB6-95218AB485C7}.Release|x64.Build.0 = Release|Any CPU
		{00C7CC02-564B-4FE8-BFB6-95218AB485C7}.Release|x86.ActiveCfg = Release|Any CPU
		{00C7CC02-564B-4FE8-BFB6-95218AB485C7}.Release|x86.Build.0 = Release|Any CPU
	EndGlobalSection
	GlobalSection(SolutionProperties) = preSolution
		HideSolutionNode = FALSE
	EndGlobalSection
	GlobalSection(NestedProjects) = preSolution
		{984BB9B3-3FA3-BE33-9484-CAC21695A33C} = {827E0CD3-B72D-47B6-A68D-7590B98EB39B}
		{24CFAD0E-CD5B-A361-F2AE-27598CB1C44B} = {984BB9B3-3FA3-BE33-9484-CAC21695A33C}
		{0EF552CA-36B0-4FAD-A26F-22A87D6C4AEF} = {24CFAD0E-CD5B-A361-F2AE-27598CB1C44B}
		{18EE76D5-5882-4BB9-A752-1F43AD567656} = {24CFAD0E-CD5B-A361-F2AE-27598CB1C44B}
		{DB35343A-E151-46C7-A74A-2F5630A4B998} = {24CFAD0E-CD5B-A361-F2AE-27598CB1C44B}
		{262D003A-2E20-4E24-B968-54E097682F80} = {24CFAD0E-CD5B-A361-F2AE-27598CB1C44B}
		{DA3BD4BF-6173-9BC0-0A28-D039ECEB8C32} = {984BB9B3-3FA3-BE33-9484-CAC21695A33C}
		{677873C2-7A9B-4BBF-BA4F-80AFF7EFD381} = {DA3BD4BF-6173-9BC0-0A28-D039ECEB8C32}
		{3BDCD63C-721E-4F8A-94C4-8DD7F3230461} = {DA3BD4BF-6173-9BC0-0A28-D039ECEB8C32}
		{97ABDDE2-8D84-41FE-AE1F-2B4C00801CF3} = {DA3BD4BF-6173-9BC0-0A28-D039ECEB8C32}
		{1A6E00C8-958B-4F52-A640-E32169036016} = {DA3BD4BF-6173-9BC0-0A28-D039ECEB8C32}
		{6306A8FB-679E-111F-6585-8F70E0EE6013} = {827E0CD3-B72D-47B6-A68D-7590B98EB39B}
		{FFDC7D12-B7F7-4860-8D04-A7CF0251172A} = {6306A8FB-679E-111F-6585-8F70E0EE6013}
		{552A3C03-ED07-FB5F-185A-38AD305117CC} = {984BB9B3-3FA3-BE33-9484-CAC21695A33C}
		{FE91B026-3B9F-4334-9A6D-510CC14F16CD} = {552A3C03-ED07-FB5F-185A-38AD305117CC}
		{DC2A99D7-551D-4A70-ABDF-F5BD7BE55024} = {552A3C03-ED07-FB5F-185A-38AD305117CC}
		{5F9AAC1C-1C39-4137-B9C2-B6DB44104C4E} = {552A3C03-ED07-FB5F-185A-38AD305117CC}
		{3138226A-B4E3-450B-BE54-8FA2B7BF2DD8} = {552A3C03-ED07-FB5F-185A-38AD305117CC}
		{FE7D6ACC-C5AB-CF91-119A-BE819ABB9B38} = {984BB9B3-3FA3-BE33-9484-CAC21695A33C}
		{3862B55A-A98A-44C0-B3F5-DF24F4AE446A} = {FE7D6ACC-C5AB-CF91-119A-BE819ABB9B38}
		{CA92D1BA-9273-4194-9260-198B4AF86F93} = {FE7D6ACC-C5AB-CF91-119A-BE819ABB9B38}
		{C8FB08F2-B0AA-4E3E-9F83-1D9997E1D412} = {FE7D6ACC-C5AB-CF91-119A-BE819ABB9B38}
		{89924276-A52A-4E03-A5FF-99857909BE0D} = {FE7D6ACC-C5AB-CF91-119A-BE819ABB9B38}
		{9AEA1441-4924-802F-53B2-CFD240BF8309} = {984BB9B3-3FA3-BE33-9484-CAC21695A33C}
		{EEB14DFD-FBB8-4D7A-AFDD-F1BC3118ADB0} = {9AEA1441-4924-802F-53B2-CFD240BF8309}
		{C28A9EEA-389C-43D5-86B5-AF3B83058DF9} = {9AEA1441-4924-802F-53B2-CFD240BF8309}
		{7B5E90DF-DF71-435D-BD70-BC50D34A5D52} = {9AEA1441-4924-802F-53B2-CFD240BF8309}
		{514FC49C-BD03-4C0A-8D5F-3F1299488F5E} = {9AEA1441-4924-802F-53B2-CFD240BF8309}
		{28BBF88D-A44B-433C-4324-0373DE243F7D} = {984BB9B3-3FA3-BE33-9484-CAC21695A33C}
		{0EAAB129-096A-45F3-8381-9C8DE9BE3F0C} = {28BBF88D-A44B-433C-4324-0373DE243F7D}
		{44AFF186-02EF-446D-A95E-02BD90A42165} = {28BBF88D-A44B-433C-4324-0373DE243F7D}
		{D78C6976-6934-4BE9-9E3B-B4C25061F81E} = {28BBF88D-A44B-433C-4324-0373DE243F7D}
		{00C7CC02-564B-4FE8-BFB6-95218AB485C7} = {28BBF88D-A44B-433C-4324-0373DE243F7D}
	EndGlobalSection
EndGlobal
